github.com/1f349/violet v0.0.10 h1:2HuQq7SddV60JZ4Xr7DmmhTOPbjiF+1Uqk+d6O1f18U=
github.com/1f349/violet v0.0.10/go.mod h1:Uzu6I1pLBP5UEzcUCTQBbk/NTfI5TAABSrowa8DSpR0=
github.com/MrMelon54/exit-reload v0.0.1 h1:sxHa59tNEQMcikwuX2+93lw6Vi1+R7oCRF8a0C3alXc=
github.com/MrMelon54/exit-reload v0.0.1/go.mod h1:PLiSfmUzwdpTTQP3BBfUPhkqPwaIZjx0DuXBnM76Bug=
github.com/MrMelon54/mjwt v0.1.1 h1:m+aTpxbhQCrOPKHN170DQMFR5r938LkviU38unob5Jw=
github.com/MrMelon54/mjwt v0.1.1/go.mod h1:oYrDBWK09Hju98xb+bRQ0wy+RuAzacxYvKYOZchR2Tk=
github.com/davecgh/go-spew v1.1.1 h1:vj9j/u1bqnvCEfJOwUhtlOARqs3+rkHYY13jYWTU97c=
github.com/golang-jwt/jwt/v4 v4.5.0 h1:7cYmW1XlMY7h7ii7UhUyChSgS5wUJEnm9uZVTGqOWzg=
github.com/golang-jwt/jwt/v4 v4.5.0/go.mod h1:m21LjoU+eqJr34lmDMbreY2eSTRJ1cv77w39/MY0Ch0=
github.com/google/subcommands v1.2.0 h1:vWQspBTo2nEqTUFita5/KeEWlUL8kQObDFbub/EN9oE=
github.com/google/subcommands v1.2.0/go.mod h1:ZjhPrFU+Olkh9WazFPsl27BQ4UPiG37m3yTrtFlrHVk=
github.com/julienschmidt/httprouter v1.3.0 h1:U0609e9tgbseu3rBINet9P48AI/D3oJs4dN7jwJOQ1U=
github.com/julienschmidt/httprouter v1.3.0/go.mod h1:JR6WtHb+2LUe8TCKY3cZOxFyyO8IZAc4RVcycCCAKdM=
github.com/pkg/errors v0.9.1 h1:FEBLx1zS214owpjy7qsBeixbURkuhQAwrK5UwLGTwt4=
github.com/pkg/errors v0.9.1/go.mod h1:bwawxfHBFNV+L2hUp1rHADufV3IMtnDRdf1r5NINEl0=
github.com/pmezard/go-difflib v1.0.0 h1:4DBwDE0NGyQoBHbLQYPwSUPoCMWR5BEzIk/f1lZbAQM=
github.com/stretchr/testify v1.8.4 h1:CcVxjf3Q8PM0mHUKJCdn+eZZtm5yQwehR5yeSVQQcUk=
gopkg.in/yaml.v3 v3.0.1 h1:fxVm/GzAzEWqLHuvctI91KS9hhNmmWOoWu0XTYJS7CA=
